
Microsoft Visual Studio Solution File, Format Version 12.00
# Visual Studio Version 17
VisualStudioVersion = 17.5.33530.505
MinimumVisualStudioVersion = 10.0.40219.1
Project("{FAE04EC0-301F-11D3-BF4B-00C04F79EFBC}") = "WebApplication9", "WebApplication9.csproj", "{F76002AA-1B07-42BC-A33F-3A23F6098393}"
EndProject
Global
	GlobalSection(SolutionConfigurationPlatforms) = preSolution
		Debug|Any CPU = Debug|Any CPU
		Release|Any CPU = Release|Any CPU
	EndGlobalSection
	GlobalSection(ProjectConfigurationPlatforms) = postSolution
		{F76002AA-1B07-42BC-A33F-3A23F6098393}.Debug|Any CPU.ActiveCfg = Debug|Any CPU
		{F76002AA-1B07-42BC-A33F-3A23F6098393}.Debug|Any CPU.Build.0 = Debug|Any CPU
		{F76002AA-1B07-42BC-A33F-3A23F6098393}.Release|Any CPU.ActiveCfg = Release|Any CPU
		{F76002AA-1B07-42BC-A33F-3A23F6098393}.Release|Any CPU.Build.0 = Release|Any CPU
	EndGlobalSection
	GlobalSection(SolutionProperties) = preSolution
		HideSolutionNode = FALSE
	EndGlobalSection
	GlobalSection(ExtensibilityGlobals) = postSolution
		SolutionGuid = {DA8BFFC2-32A1-4C05-81F6-3F28319C71C2}
	EndGlobalSection
EndGlobal
