
Microsoft Visual Studio Solution File, Format Version 12.00
# Visual Studio Version 17
VisualStudioVersion = 17.5.33530.505
MinimumVisualStudioVersion = 10.0.40219.1
Project("{FAE04EC0-301F-11D3-BF4B-00C04F79EFBC}") = "WebApplication4", "WebApplication4\WebApplication4.csproj", "{146EAD45-6F63-4D0C-A183-94D329544B8E}"
EndProject
Global
	GlobalSection(SolutionConfigurationPlatforms) = preSolution
		Debug|Any CPU = Debug|Any CPU
		Release|Any CPU = Release|Any CPU
	EndGlobalSection
	GlobalSection(ProjectConfigurationPlatforms) = postSolution
		{146EAD45-6F63-4D0C-A183-94D329544B8E}.Debug|Any CPU.ActiveCfg = Debug|Any CPU
		{146EAD45-6F63-4D0C-A183-94D329544B8E}.Debug|Any CPU.Build.0 = Debug|Any CPU
		{146EAD45-6F63-4D0C-A183-94D329544B8E}.Release|Any CPU.ActiveCfg = Release|Any CPU
		{146EAD45-6F63-4D0C-A183-94D329544B8E}.Release|Any CPU.Build.0 = Release|Any CPU
	EndGlobalSection
	GlobalSection(SolutionProperties) = preSolution
		HideSolutionNode = FALSE
	EndGlobalSection
	GlobalSection(ExtensibilityGlobals) = postSolution
		SolutionGuid = {8E950BA0-646D-464B-A1FB-C2A87A9AE256}
	EndGlobalSection
EndGlobal
