
Microsoft Visual Studio Solution File, Format Version 12.00
# Visual Studio Version 17
VisualStudioVersion = 17.5.33530.505
MinimumVisualStudioVersion = 10.0.40219.1
Project("{FAE04EC0-301F-11D3-BF4B-00C04F79EFBC}") = "WebApplication2", "WebApplication2\WebApplication2.csproj", "{E8CF5E92-9CD7-4C1B-B0C9-0A1EC73FB535}"
EndProject
Global
	GlobalSection(SolutionConfigurationPlatforms) = preSolution
		Debug|Any CPU = Debug|Any CPU
		Release|Any CPU = Release|Any CPU
	EndGlobalSection
	GlobalSection(ProjectConfigurationPlatforms) = postSolution
		{E8CF5E92-9CD7-4C1B-B0C9-0A1EC73FB535}.Debug|Any CPU.ActiveCfg = Debug|Any CPU
		{E8CF5E92-9CD7-4C1B-B0C9-0A1EC73FB535}.Debug|Any CPU.Build.0 = Debug|Any CPU
		{E8CF5E92-9CD7-4C1B-B0C9-0A1EC73FB535}.Release|Any CPU.ActiveCfg = Release|Any CPU
		{E8CF5E92-9CD7-4C1B-B0C9-0A1EC73FB535}.Release|Any CPU.Build.0 = Release|Any CPU
	EndGlobalSection
	GlobalSection(SolutionProperties) = preSolution
		HideSolutionNode = FALSE
	EndGlobalSection
	GlobalSection(ExtensibilityGlobals) = postSolution
		SolutionGuid = {0E3AA280-C8AE-41B5-9E7A-3D2CC36A01F6}
	EndGlobalSection
EndGlobal
