
Microsoft Visual Studio Solution File, Format Version 12.00
# Visual Studio Version 17
VisualStudioVersion = 17.5.33530.505
MinimumVisualStudioVersion = 10.0.40219.1
Project("{FAE04EC0-301F-11D3-BF4B-00C04F79EFBC}") = "WebApplication3", "WebApplication3\WebApplication3.csproj", "{43C597F0-D23B-443F-BB4A-13C3D203EDB8}"
EndProject
Global
	GlobalSection(SolutionConfigurationPlatforms) = preSolution
		Debug|Any CPU = Debug|Any CPU
		Release|Any CPU = Release|Any CPU
	EndGlobalSection
	GlobalSection(ProjectConfigurationPlatforms) = postSolution
		{43C597F0-D23B-443F-BB4A-13C3D203EDB8}.Debug|Any CPU.ActiveCfg = Debug|Any CPU
		{43C597F0-D23B-443F-BB4A-13C3D203EDB8}.Debug|Any CPU.Build.0 = Debug|Any CPU
		{43C597F0-D23B-443F-BB4A-13C3D203EDB8}.Release|Any CPU.ActiveCfg = Release|Any CPU
		{43C597F0-D23B-443F-BB4A-13C3D203EDB8}.Release|Any CPU.Build.0 = Release|Any CPU
	EndGlobalSection
	GlobalSection(SolutionProperties) = preSolution
		HideSolutionNode = FALSE
	EndGlobalSection
	GlobalSection(ExtensibilityGlobals) = postSolution
		SolutionGuid = {131D838A-01BF-4F51-B814-F62753E72DBF}
	EndGlobalSection
EndGlobal
