
Microsoft Visual Studio Solution File, Format Version 12.00
# Visual Studio Version 17
VisualStudioVersion = 17.5.33530.505
MinimumVisualStudioVersion = 10.0.40219.1
Project("{FAE04EC0-301F-11D3-BF4B-00C04F79EFBC}") = "WebApplication18", "WebApplication18.csproj", "{ADF19A0B-7A35-48D9-B366-FFD543471018}"
EndProject
Global
	GlobalSection(SolutionConfigurationPlatforms) = preSolution
		Debug|Any CPU = Debug|Any CPU
		Release|Any CPU = Release|Any CPU
	EndGlobalSection
	GlobalSection(ProjectConfigurationPlatforms) = postSolution
		{ADF19A0B-7A35-48D9-B366-FFD543471018}.Debug|Any CPU.ActiveCfg = Debug|Any CPU
		{ADF19A0B-7A35-48D9-B366-FFD543471018}.Debug|Any CPU.Build.0 = Debug|Any CPU
		{ADF19A0B-7A35-48D9-B366-FFD543471018}.Release|Any CPU.ActiveCfg = Release|Any CPU
		{ADF19A0B-7A35-48D9-B366-FFD543471018}.Release|Any CPU.Build.0 = Release|Any CPU
	EndGlobalSection
	GlobalSection(SolutionProperties) = preSolution
		HideSolutionNode = FALSE
	EndGlobalSection
	GlobalSection(ExtensibilityGlobals) = postSolution
		SolutionGuid = {5D8B1CFA-88C3-46C3-80F9-43ACA8509F46}
	EndGlobalSection
EndGlobal
